github.com/BurntSushi/toml v0.3.1/go.mod h1:xHWCNGjB5oqiDr8zfno3MHue2Ht5sIBksp03qcyfWMU=
github.com/aead/siphash v1.0.1/go.mod h1:Nywa3cDsYNNK3gaciGTWPwHt0wlpNV15vwmswBAUSII=
github.com/ajstarks/deck v0.0.0-20200831202436-30c9fc6549a9/go.mod h1:JynElWSGnm/4RlzPXRlREEwqTHAN3T56Bv2ITsFT3gY=
github.com/ajstarks/deck/generate v0.0.0-20210309230005-c3f852c02e19/go.mod h1:T13YZdzov6OU0A1+RfKZiZN9ca6VeKdBdyDV+BY97Tk=
github.com/ajstarks/svgo v0.0.0-20211024235047-1546f124cd8b h1:slYM766cy2nI3BwyRiyQj/Ud48djTMtMebDqepE95rw=
github.com/ajstarks/svgo v0.0.0-20211024235047-1546f124cd8b/go.mod h1:1KcenG0jGWcpt8ov532z81sp/kMMUG485J2InIOyADM=
github.com/alecthomas/assert/v2 v2.11.0 h1:2Q9r3ki8+JYXvGsDyBXwH3LcJ+WK5D0gc5E8vS6K3D0=
github.com/alecthomas/assert/v2 v2.11.0/go.mod h1:Bze95FyfUr7x34QZrjL+XP+0qgp/zg8yS+TtBj1WA3k=
github.com/alecthomas/kong v1.12.0 h1:oKd/0fHSdajj5PfGDd3ScvEvpVJf9mT2mb5r9xYadYM=
github.com/alecthomas/kong v1.12.0/go.mod h1:p2vqieVMeTAnaC83txKtXe8FLke2X07aruPWXyMPQrU=
github.com/alecthomas/repr v0.4.0 h1:GhI2A8MACjfegCPVq9f1FLvIBS+DrQ2KQBFZP1iFzXc=
github.com/alecthomas/repr v0.4.0/go.mod h1:Fr0507jx4eOXV7AlPV6AVZLYrLIuIeSOWtW57eE/O/4=
github.com/btcsuite/btcd v0.20.1-beta/go.mod h1:wVuoA8VJLEcwgqHBwHmzLRazpKxTv13Px/pDuV7OomQ=
github.com/btcsuite/btclog v0.0.0-20170628155309-84c8d2346e9f/go.mod h1:TdznJufoqS23FtqVCzL0ZqgP5MqXbb4fg/WgDys70nA=
github.com/btcsuite/btcutil v0.0.0-20190425235716-9e5f4b9a998d/go.mod h1:+5NJ2+qvTyV9exUAL/rxXi3DcLg2Ts+ymUAY5y4NvMg=
github.com/btcsuite/btcutil v1.0.2 h1:9iZ1Terx9fMIOtq1VrwdqfsATL9MC2l8ZrUY6YZ2uts=
github.com/btcsuite/btcutil v1.0.2/go.mod h1:j9HUFwoQRsZL3V4n+qG+CUnEGHOarIxfC3Le2Yhbcts=
github.com/btcsuite/go-socks v0.0.0-20170105172521-4720035b7bfd/go.mod h1:HHNXQzUsZCxOoE+CPiyCTO6x34Zs86zZUiwtpXoGdtg=
github.com/btcsuite/goleveldb v0.0.0-20160330041536-7834afc9e8cd/go.mod h1:F+uVaaLLH7j4eDXPRvw78tMflu7Ie2bzYOH4Y8rRKBY=
github.com/btcsuite/snappy-go v0.0.0-20151229074030-0bdef8d06723/go.mod h1:8woku9dyThutzjeg+3xrA5iCpBRH8XEEg3lh6TiUghc=
github.com/btcsuite/websocket v0.0.0-20150119174127-31079b680792/go.mod h1:ghJtEyQwv5/p4Mg4C0fgbePVuGr935/5ddU9Z3TmDRY=
github.com/btcsuite/winsvc v1.0.0/go.mod h1:jsenWakMcC0zFBFurPLEAyrnc/teJEM1O46fmI40EZs=
github.com/clipperhouse/uax29/v2 v2.7.0 h1:+gs4oBZ2gPfVrKPthwbMzWZDaAFPGYK72F0NJv2v7Vk=
github.com/clipperhouse/uax29/v2 v2.7.0/go.mod h1:EFJ2TJMRUaplDxHKj1qAEhCtQPW2tJSwu5BF98AuoVM=
github.com/coreos/go-systemd/v22 v22.5.0/go.mod h1:Y58oyj3AT4RCenI/lSvhwexgC+NSVTIJ3seZv2GcEnc=
github.com/creack/pty v1.1.24 h1:bJrF4RRfyJnbTJqzRLHzcGaZK1NeM5kTC9jGgovnR1s=
github.com/creack/pty v1.1.24/go.mod h1:08sCNb52WyoAwi2QDyzUCTgcvVFhUzewun7wtTfvcwE=
github.com/davecgh/go-spew v0.0.0-20171005155431-ecdeabc65495/go.mod h1:J7Y8YcW2NihsgmVo/mv3lAwl/skON4iLHjSsI+c5H38=
github.com/davecgh/go-spew v1.1.0/go.mod h1:J7Y8YcW2NihsgmVo/mv3lAwl/skON4iLHjSsI+c5H38=
github.com/davecgh/go-spew v1.1.1 h1:vj9j/u1bqnvCEfJOwUhtlOARqs3+rkHYY13jYWTU97c=
github.com/davecgh/go-spew v1.1.1/go.mod h1:J7Y8YcW2NihsgmVo/mv3lAwl/skON4iLHjSsI+c5H38=
github.com/dimkr/slopline v0.0.0-20260327144222-f21b275f569f h1:ZIhP8G4bWjFvJHfUq9fKm1KrQ0ZCnlargJxjn0gADhY=
github.com/dimkr/slopline v0.0.0-20260327144222-f21b275f569f/go.mod h1:9h2tlCIFdHzeXE0RiAMlKIYj1sEhPuPdoMM8iCKHVNs=
github.com/dustin/go-humanize v1.0.1 h1:GzkhY7T5VNhEkwH0PVJgjz+fX1rhBrR7pRT3mDkpeCY=
github.com/dustin/go-humanize v1.0.1/go.mod h1:Mu1zIs6XwVuF/gI1OepvI0qD18qycQx+mFykh5fBlto=
github.com/fsnotify/fsnotify v1.4.7/go.mod h1:jwhsz4b93w/PPRr/qN1Yymfu8t87LnFCMoQvtojpjFo=
github.com/fsnotify/fsnotify v1.9.0 h1:2Ml+OJNzbYCTzsxtv8vKSFD9PbJjmhYF14k/jKC7S9k=
github.com/fsnotify/fsnotify v1.9.0/go.mod h1:8jBTzvmWwFyi3Pb8djgCCO5IBqzKJ/Jwo8TRcHyHii0=
github.com/godbus/dbus/v5 v5.0.4/go.mod h1:xhWf0FNVPg57R7Z0UbKHbJfkEywrmjJnf7w5xrFpKfA=
github.com/golang/protobuf v1.2.0/go.mod h1:6lQm79b+lXiMfvg/cZm0SGofjICqVBUtrP5yJMmIC1U=
github.com/google/go-cmp v0.7.0 h1:wk8382ETsv4JYUZwIsn6YpYiWiBsYLSJiTsyBybVuN8=
github.com/google/go-cmp v0.7.0/go.mod h1:pXiqmnSA92OHEEa9HXL2W4E7lf9JzCmGVUdgjX3N/iU=
github.com/google/pprof v0.0.0-20250317173921-a4b03ec1a45e h1:ijClszYn+mADRFY17kjQEVQ1XRhq2/JR1M3sGqeJoxs=
github.com/google/pprof v0.0.0-20250317173921-a4b03ec1a45e/go.mod h1:boTsfXsheKC2y+lKOCMpSfarhxDeIzfZG1jqGcPl3cA=
github.com/google/uuid v1.6.0 h1:NIvaJDMOsjHA8n1jAhLSgzrAzy1Hgr+hNrb57e+94F0=
github.com/google/uuid v1.6.0/go.mod h1:TIyPZe4MgqvfeYDBFedMoGGpEw/LqOeaOT+nhxU+yHo=
github.com/gowebpki/jcs v1.0.1 h1:Qjzg8EOkrOTuWP7DqQ1FbYtcpEbeTzUoTN9bptp8FOU=
github.com/gowebpki/jcs v1.0.1/go.mod h1:CID1cNZ+sHp1CCpAR8mPf6QRtagFBgPJE0FCUQ6+BrI=
github.com/hashicorp/golang-lru/v2 v2.0.7 h1:a+bsQ5rvGLjzHuww6tVxozPZFVghXaHOwFs4luLUK2k=
github.com/hashicorp/golang-lru/v2 v2.0.7/go.mod h1:QeFd9opnmA6QUJc5vARoKUSoFhyfM2/ZepoAG6RGpeM=
github.com/hexops/gotextdiff v1.0.3 h1:gitA9+qJrrTCsiCl7+kh75nPqQt1cx4ZkudSTLoUqJM=
github.com/hexops/gotextdiff v1.0.3/go.mod h1:pSWU5MAI3yDq+fZBTazCSJysOMbxWL1BSow5/V2vxeg=
github.com/hinshun/vt10x v0.0.0-20220301184237-5011da428d02 h1:AgcIVYPa6XJnU3phs104wLj8l5GEththEw6+F79YsIY=
github.com/hinshun/vt10x v0.0.0-20220301184237-5011da428d02/go.mod h1:Q48J4R4DvxnHolD5P8pOtXigYlRuPLGl6moFx3ulM68=
github.com/hpcloud/tail v1.0.0/go.mod h1:ab1qPbhIpdTxEkNHXyeSf5vhxWSCs/tWer42PpOxQnU=
github.com/jessevdk/go-flags v0.0.0-20141203071132-1679536dcc89/go.mod h1:4FA24M0QyGHXBuZZK/XkWh8h0e1EYbRYJSGM75WSRxI=
github.com/jrick/logrotate v1.0.0/go.mod h1:LNinyqDIJnpAur+b8yyulnQw/wDuN1+BYKlTRt3OuAQ=
github.com/kisielk/gotool v1.0.0/go.mod h1:XhKaO+MFFWcvkIS/tQcRk01m1F5IRFswLeQ+oQHNcck=
github.com/kkdai/bstream v0.0.0-20161212061736-f391b8402d23/go.mod h1:J+Gs4SYgM6CZQHDETBtE9HaSEkGmuNXF86RwHhHUvq4=
github.com/mattn/go-colorable v0.1.13 h1:fFA4WZxdEF4tXPZVKMLwD8oUnCTTo08duU7wxecdEvA=
github.com/mattn/go-colorable v0.1.13/go.mod h1:7S9/ev0klgBDR4GtXTXX8a3vIGJpMovkB8vQcUbaXHg=
github.com/mattn/go-isatty v0.0.16/go.mod h1:kYGgaQfpe5nmfYZH+SKPsOc2e4SrIfOl2e/yFXSvRLM=
github.com/mattn/go-isatty v0.0.19/go.mod h1:W+V8PltTTMOvKvAeJH7IuucS94S2C6jfK/D7dTCTo3Y=
github.com/mattn/go-isatty v0.0.20 h1:xfD0iDuEKnDkl03q4limB+vH+GxLEtL/jb4xVJSWWEY=
github.com/mattn/go-isatty v0.0.20/go.mod h1:W+V8PltTTMOvKvAeJH7IuucS94S2C6jfK/D7dTCTo3Y=
github.com/mattn/go-runewidth v0.0.23 h1:7ykA0T0jkPpzSvMS5i9uoNn2Xy3R383f9HDx3RybWcw=
github.com/mattn/go-runewidth v0.0.23/go.mod h1:XBkDxAl56ILZc9knddidhrOlY5R/pDhgLpndooCuJAs=
github.com/mattn/go-sqlite3 v1.14.42 h1:MigqEP4ZmHw3aIdIT7T+9TLa90Z6smwcthx+Azv4Cgo=
github.com/mattn/go-sqlite3 v1.14.42/go.mod h1:pjEuOr8IwzLJP2MfGeTb0A35jauH+C2kbHKBr7yXKVQ=
github.com/mrmarble/termsvg v0.10.0 h1:E5q83+yHkj0irFkkhIjT7WVAgsq03YAiJ2XYylNcSig=
github.com/mrmarble/termsvg v0.10.0/go.mod h1:LxIze0KGT8bf2l1qwJ9AC4/tWe4yO0UJ9ESZuubtnyM=
github.com/ncruces/go-sqlite3 v0.33.3 h1:6jCR3KuGvJSEwhaQrkHDGeIe2qCQ6nOUDNsPz7ZIotw=
github.com/ncruces/go-sqlite3 v0.33.3/go.mod h1:t2Osfw0wcKzJTgv2EvrkTtVLqlbKTA5Yvwb2ypAlBcY=
github.com/ncruces/go-sqlite3-wasm v1.1.1-0.20260409221933-87e4b35a38d0 h1:ymE9H30x1AyW5VfMNkJC9teuI2W1jjMsQS7kc6zl6Tg=
github.com/ncruces/go-sqlite3-wasm v1.1.1-0.20260409221933-87e4b35a38d0/go.mod h1:/H3+JykPsfSlvKbOxNSx9kKwm3ecqQGzyCs1e9KkNsU=
github.com/ncruces/go-strftime v1.0.0 h1:HMFp8mLCTPp341M/ZnA4qaf7ZlsbTc+miZjCLOFAw7w=
github.com/ncruces/go-strftime v1.0.0/go.mod h1:Fwc5htZGVVkseilnfgOVb9mKy6w1naJmn9CehxcKcls=
github.com/ncruces/julianday v1.0.0 h1:fH0OKwa7NWvniGQtxdJRxAgkBMolni2BjDHaWTxqt7M=
github.com/ncruces/julianday v1.0.0/go.mod h1:Dusn2KvZrrovOMJuOt0TNXL6tB7U2E8kvza5fFc9G7g=
github.com/onsi/ginkgo v1.6.0/go.mod h1:lLunBs/Ym6LB5Z9jYTR76FiuTmxDTDusOGeTQH+WWjE=
github.com/onsi/ginkgo v1.7.0/go.mod h1:lLunBs/Ym6LB5Z9jYTR76FiuTmxDTDusOGeTQH+WWjE=
github.com/onsi/gomega v1.4.3/go.mod h1:ex+gbHU/CVuBBDIJjb2X0qEXbFg53c61hWP/1CpauHY=
github.com/pkg/errors v0.9.1/go.mod h1:bwawxfHBFNV+L2hUp1rHADufV3IMtnDRdf1r5NINEl0=
github.com/pmezard/go-difflib v1.0.0 h1:4DBwDE0NGyQoBHbLQYPwSUPoCMWR5BEzIk/f1lZbAQM=
github.com/pmezard/go-difflib v1.0.0/go.mod h1:iKH77koFhYxTK1pcRnkKkqfTogsbg7gZNVY4sRDYZ/4=
github.com/remyoudompheng/bigfft v0.0.0-20230129092748-24d4a6f8daec h1:W09IVJc94icq4NjY3clb7Lk8O1qJ8BdBEF8z0ibU0rE=
github.com/remyoudompheng/bigfft v0.0.0-20230129092748-24d4a6f8daec/go.mod h1:qqbHyh8v60DhA7CoWK5oRCqLrMHRGoxYCSS9EjAz6Eo=
github.com/rs/xid v1.6.0/go.mod h1:7XoLgs4eV+QndskICGsho+ADou8ySMSjJKDIan90Nz0=
github.com/rs/zerolog v1.34.0 h1:k43nTLIwcTVQAncfCw4KZ2VY6ukYoZaBPNOE8txlOeY=
github.com/rs/zerolog v1.34.0/go.mod h1:bJsvje4Z08ROH4Nhs5iH600c3IkWhwp44iRc54W6wYQ=
github.com/sebdah/goldie/v2 v2.7.1 h1:PkBHymaYdtvEkZV7TmyqKxdmn5/Vcj+8TpATWZjnG5E=
github.com/sebdah/goldie/v2 v2.7.1/go.mod h1:oZ9fp0+se1eapSRjfYbsV/0Hqhbuu3bJVvKI/NNtssI=
github.com/sergi/go-diff v1.0.0 h1:Kpca3qRNrduNnOQeazBd0ysaKrUJiIuISHxogkT9RPQ=
github.com/sergi/go-diff v1.0.0/go.mod h1:0CfEIISq7TuYL3j771MWULgwwjU+GofnZX9QAmXWZgo=
github.com/stretchr/objx v0.1.0/go.mod h1:HFkY916IF+rwdDfMAkV7OtwuqBVzrE8GR6GFx+wExME=
github.com/stretchr/testify v1.7.0/go.mod h1:6Fq8oRcR53rry900zMqJjRRixrwX3KX962/h/Wwjteg=
github.com/stretchr/testify v1.11.1 h1:7s2iGBzp5EwR7/aIZr8ao5+dra3wiQyKjjFuvgVKu7U=
github.com/stretchr/testify v1.11.1/go.mod h1:wZwfW3scLgRK+23gO65QZefKpKQRnfz6sD981Nm4B6U=
github.com/tdewolff/minify/v2 v2.23.8 h1:tvjHzRer46kwOfpdCBCWsDblCw3QtnLJRd61pTVkyZ8=
github.com/tdewolff/minify/v2 v2.23.8/go.mod h1:VW3ISUd3gDOZuQ/jwZr4sCzsuX+Qvsx87FDMjk6Rvno=
github.com/tdewolff/parse/v2 v2.8.1 h1:J5GSHru6o3jF1uLlEKVXkDxxcVx6yzOlIVIotK4w2po=
github.com/tdewolff/parse/v2 v2.8.1/go.mod h1:Hwlni2tiVNKyzR1o6nUs4FOF07URA+JLBLd6dlIXYqo=
github.com/tdewolff/test v1.0.11 h1:FdLbwQVHxqG16SlkGveC0JVyrJN62COWTRyUFzfbtBE=
github.com/tdewolff/test v1.0.11/go.mod h1:XPuWBzvdUzhCuxWO1ojpXsyzsA5bFoS3tO/Q3kFuTG8=
github.com/yuin/goldmark v1.2.1/go.mod h1:3hX8gzYuyVAZsxl0MRgGTJEmQBFcNTphYh9decYSb74=
golang.org/x/crypto v0.0.0-20170930174604-9419663f5a44/go.mod h1:6SG95UA2DQfeDnfUPMdvaQW0Q7yPrPDi9nlGo2tz2b4=
golang.org/x/crypto v0.0.0-20190308221718-c2843e01d9a2/go.mod h1:djNgcEr1/C05ACkg1iLfiJU5Ep61QUkGW8qpdssI0+w=
golang.org/x/crypto v0.0.0-20191011191535-87dc89f01550/go.mod h1:yigFU9vqHzYiE8UmvKecakEJjdnWj3jj499lnFckfCI=
golang.org/x/crypto v0.0.0-20200115085410-6d4e4cb37c7d/go.mod h1:LzIPMQfyMNhhGPhUkYOs5KpL4U8rLKemX1yGLhDgUto=
golang.org/x/crypto v0.0.0-20200622213623-75b288015ac9/go.mod h1:LzIPMQfyMNhhGPhUkYOs5KpL4U8rLKemX1yGLhDgUto=
golang.org/x/image v0.39.0 h1:skVYidAEVKgn8lZ602XO75asgXBgLj9G/FE3RbuPFww=
golang.org/x/image v0.39.0/go.mod h1:sIbmppfU+xFLPIG0FoVUTvyBMmgng1/XAMhQ2ft0hpA=
golang.org/x/mod v0.3.0/go.mod h1:s0Qsj1ACt9ePp/hMypM3fl4fZqREWJwdYDEqhRiZZUA=
golang.org/x/mod v0.33.0 h1:tHFzIWbBifEmbwtGz65eaWyGiGZatSrT9prnU8DbVL8=
golang.org/x/mod v0.33.0/go.mod h1:swjeQEj+6r7fODbD2cqrnje9PnziFuw4bmLbBZFrQ5w=
golang.org/x/net v0.0.0-20180906233101-161cd47e91fd/go.mod h1:mL1N/T3taQHkDXs73rZJwtUhF3w3ftmwwsq0BUmARs4=
golang.org/x/net v0.0.0-20190404232315-eb5bcb51f2a3/go.mod h1:t9HGtf8HONx5eT2rtn7q6eTqICYqUVnKs3thJo3Qplg=
golang.org/x/net v0.0.0-20190620200207-3b0461eec859/go.mod h1:z5CRVTTTmAJ677TzLLGU+0bjPO0LkuOLi4/5GtJWs/s=
golang.org/x/net v0.0.0-20201021035429-f5854403a974/go.mod h1:sp8m0HH+o8qH0wwXwYZr8TS3Oi6o0r6Gce1SSxlDquU=
golang.org/x/net v0.53.0 h1:d+qAbo5L0orcWAr0a9JweQpjXF19LMXJE8Ey7hwOdUA=
golang.org/x/net v0.53.0/go.mod h1:JvMuJH7rrdiCfbeHoo3fCQU24Lf5JJwT9W3sJFulfgs=
golang.org/x/sync v0.0.0-20180314180146-1d60e4601c6f/go.mod h1:RxMgew5VJxzue5/jJTE5uejpjVlOe/izrB70Jof72aM=
golang.org/x/sync v0.0.0-20190423024810-112230192c58/go.mod h1:RxMgew5VJxzue5/jJTE5uejpjVlOe/izrB70Jof72aM=
golang.org/x/sync v0.0.0-20201020160332-67f06af15bc9/go.mod h1:RxMgew5VJxzue5/jJTE5uejpjVlOe/izrB70Jof72aM=
golang.org/x/sync v0.20.0 h1:e0PTpb7pjO8GAtTs2dQ6jYa5BWYlMuX047Dco/pItO4=
golang.org/x/sync v0.20.0/go.mod h1:9xrNwdLfx4jkKbNva9FpL6vEN7evnE43NNNJQ2LF3+0=
golang.org/x/sys v0.0.0-20180909124046-d0be0721c37e/go.mod h1:STP8DvDyc/dI5b8T5hshtkjS+E42TnysNCUPdjciGhY=
golang.org/x/sys v0.0.0-20190215142949-d0b11bdaac8a/go.mod h1:STP8DvDyc/dI5b8T5hshtkjS+E42TnysNCUPdjciGhY=
golang.org/x/sys v0.0.0-20190412213103-97732733099d/go.mod h1:h1NjWce9XRLGQEsW7wpKNCjG9DtNlClVuFLEZdDNbEs=
golang.org/x/sys v0.0.0-20200930185726-fdedc70b468f/go.mod h1:h1NjWce9XRLGQEsW7wpKNCjG9DtNlClVuFLEZdDNbEs=
golang.org/x/sys v0.0.0-20210119212857-b64e53b001e4/go.mod h1:h1NjWce9XRLGQEsW7wpKNCjG9DtNlClVuFLEZdDNbEs=
golang.org/x/sys v0.0.0-20220811171246-fbc7d0a398ab/go.mod h1:oPkhp1MJrh7nUepCBck5+mAzfO9JrbApNNgaTdGDITg=
golang.org/x/sys v0.6.0/go.mod h1:oPkhp1MJrh7nUepCBck5+mAzfO9JrbApNNgaTdGDITg=
golang.org/x/sys v0.12.0/go.mod h1:oPkhp1MJrh7nUepCBck5+mAzfO9JrbApNNgaTdGDITg=
golang.org/x/sys v0.43.0 h1:Rlag2XtaFTxp19wS8MXlJwTvoh8ArU6ezoyFsMyCTNI=
golang.org/x/sys v0.43.0/go.mod h1:4GL1E5IUh+htKOUEOaiffhrAeqysfVGipDYzABqnCmw=
golang.org/x/term v0.42.0 h1:UiKe+zDFmJobeJ5ggPwOshJIVt6/Ft0rcfrXZDLWAWY=
golang.org/x/term v0.42.0/go.mod h1:Dq/D+snpsbazcBG5+F9Q1n2rXV8Ma+71xEjTRufARgY=
golang.org/x/text v0.3.0/go.mod h1:NqM8EUOU14njkJ3fqMW+pc6Ldnwhi/IjpwHt7yyuwOQ=
golang.org/x/text v0.3.3/go.mod h1:5Zoc/QRtKVWzQhOtBMvqHzDpF6irO9z98xDceosuGiQ=
golang.org/x/text v0.36.0 h1:JfKh3XmcRPqZPKevfXVpI1wXPTqbkE5f7JA92a55Yxg=
golang.org/x/text v0.36.0/go.mod h1:NIdBknypM8iqVmPiuco0Dh6P5Jcdk8lJL0CUebqK164=
golang.org/x/tools v0.0.0-20180917221912-90fa682c2a6e/go.mod h1:n7NCudcB/nEzxVGmLbDWY5pfWTLqBcC2KZ6jyYvM4mQ=
golang.org/x/tools v0.0.0-20191119224855-298f0cb1881e/go.mod h1:b+2E5dAYhXwXZwtnZ6UAqBI28+e2cm9otk0dWdXHAEo=
golang.org/x/tools v0.1.0/go.mod h1:xkSsbof2nBLbhDlRMhhhyNLN/zl3eTqcnHD5viDpcZ0=
golang.org/x/tools v0.43.0 h1:12BdW9CeB3Z+J/I/wj34VMl8X+fEXBxVR90JeMX5E7s=
golang.org/x/tools v0.43.0/go.mod h1:uHkMso649BX2cZK6+RpuIPXS3ho2hZo4FVwfoy1vIk0=
golang.org/x/xerrors v0.0.0-20190717185122-a985d3407aa7/go.mod h1:I/5z698sn9Ka8TeJc9MKroUUfqBBauWjQqLJ2OPfmY0=
golang.org/x/xerrors v0.0.0-20191011141410-1b5146add898/go.mod h1:I/5z698sn9Ka8TeJc9MKroUUfqBBauWjQqLJ2OPfmY0=
golang.org/x/xerrors v0.0.0-20200804184101-5ec99f83aff1/go.mod h1:I/5z698sn9Ka8TeJc9MKroUUfqBBauWjQqLJ2OPfmY0=
gopkg.in/check.v1 v0.0.0-20161208181325-20d25e280405 h1:yhCVgyC4o1eVCa2tZl7eS0r+SDo693bJlVdllGtEeKM=
gopkg.in/check.v1 v0.0.0-20161208181325-20d25e280405/go.mod h1:Co6ibVJAznAaIkqp8huTwlJQCZ016jof/cbN4VW5Yz0=
gopkg.in/fsnotify.v1 v1.4.7/go.mod h1:Tz8NjZHkW78fSQdbUxIjBTcgA1z1m8ZHf0WmKUhAMys=
gopkg.in/tomb.v1 v1.0.0-20141024135613-dd632973f1e7/go.mod h1:dt/ZhP58zS4L8KSrWDmTeBkI65Dw0HsyUHuEVlX15mw=
gopkg.in/yaml.v2 v2.2.1/go.mod h1:hI93XBmqTisBFMUTm0b8Fm+jr3Dg1NNxqwp+5A1VGuI=
gopkg.in/yaml.v3 v3.0.0-20200313102051-9f266ea9e77c/go.mod h1:K4uyk7z7BCEPqu6E+C64Yfv1cQ7kz7rIZviUmN+EgEM=
gopkg.in/yaml.v3 v3.0.1 h1:fxVm/GzAzEWqLHuvctI91KS9hhNmmWOoWu0XTYJS7CA=
gopkg.in/yaml.v3 v3.0.1/go.mod h1:K4uyk7z7BCEPqu6E+C64Yfv1cQ7kz7rIZviUmN+EgEM=
honnef.co/go/tools v0.1.3/go.mod h1:NgwopIslSNH47DimFoV78dnkksY2EFtX0ajyb3K/las=
modernc.org/cc/v4 v4.27.3 h1:uNCgn37E5U09mTv1XgskEVUJ8ADKpmFMPxzGJ0TSo+U=
modernc.org/cc/v4 v4.27.3/go.mod h1:3YjcbCqhoTTHPycJDRl2WZKKFj0nwcOIPBfEZK0Hdk8=
modernc.org/ccgo/v4 v4.32.4 h1:L5OB8rpEX4ZsXEQwGozRfJyJSFHbbNVOoQ59DU9/KuU=
modernc.org/ccgo/v4 v4.32.4/go.mod h1:lY7f+fiTDHfcv6YlRgSkxYfhs+UvOEEzj49jAn2TOx0=
modernc.org/fileutil v1.4.0 h1:j6ZzNTftVS054gi281TyLjHPp6CPHr2KCxEXjEbD6SM=
modernc.org/fileutil v1.4.0/go.mod h1:EqdKFDxiByqxLk8ozOxObDSfcVOv/54xDs/DUHdvCUU=
modernc.org/gc/v2 v2.6.5 h1:nyqdV8q46KvTpZlsw66kWqwXRHdjIlJOhG6kxiV/9xI=
modernc.org/gc/v2 v2.6.5/go.mod h1:YgIahr1ypgfe7chRuJi2gD7DBQiKSLMPgBQe9oIiito=
modernc.org/gc/v3 v3.1.2 h1:ZtDCnhonXSZexk/AYsegNRV1lJGgaNZJuKjJSWKyEqo=
modernc.org/gc/v3 v3.1.2/go.mod h1:HFK/6AGESC7Ex+EZJhJ2Gni6cTaYpSMmU/cT9RmlfYY=
modernc.org/goabi0 v0.2.0 h1:HvEowk7LxcPd0eq6mVOAEMai46V+i7Jrj13t4AzuNks=
modernc.org/goabi0 v0.2.0/go.mod h1:CEFRnnJhKvWT1c1JTI3Avm+tgOWbkOu5oPA8eH8LnMI=
modernc.org/libc v1.72.0 h1:IEu559v9a0XWjw0DPoVKtXpO2qt5NVLAnFaBbjq+n8c=
modernc.org/libc v1.72.0/go.mod h1:tTU8DL8A+XLVkEY3x5E/tO7s2Q/q42EtnNWda/L5QhQ=
modernc.org/mathutil v1.7.1 h1:GCZVGXdaN8gTqB1Mf/usp1Y/hSqgI2vAGGP4jZMCxOU=
modernc.org/mathutil v1.7.1/go.mod h1:4p5IwJITfppl0G4sUEDtCr4DthTaT47/N3aT6MhfgJg=
modernc.org/memory v1.11.0 h1:o4QC8aMQzmcwCK3t3Ux/ZHmwFPzE6hf2Y5LbkRs+hbI=
modernc.org/memory v1.11.0/go.mod h1:/JP4VbVC+K5sU2wZi9bHoq2MAkCnrt2r98UGeSK7Mjw=
modernc.org/opt v0.1.4 h1:2kNGMRiUjrp4LcaPuLY2PzUfqM/w9N23quVwhKt5Qm8=
modernc.org/opt v0.1.4/go.mod h1:03fq9lsNfvkYSfxrfUhZCWPk1lm4cq4N+Bh//bEtgns=
modernc.org/sortutil v1.2.1 h1:+xyoGf15mM3NMlPDnFqrteY07klSFxLElE2PVuWIJ7w=
modernc.org/sortutil v1.2.1/go.mod h1:7ZI3a3REbai7gzCLcotuw9AC4VZVpYMjDzETGsSMqJE=
modernc.org/sqlite v1.49.1 h1:dYGHTKcX1sJ+EQDnUzvz4TJ5GbuvhNJa8Fg6ElGx73U=
modernc.org/sqlite v1.49.1/go.mod h1:m0w8xhwYUVY3H6pSDwc3gkJ/irZT/0YEXwBlhaxQEew=
modernc.org/strutil v1.2.1 h1:UneZBkQA+DX2Rp35KcM69cSsNES9ly8mQWD71HKlOA0=
modernc.org/strutil v1.2.1/go.mod h1:EHkiggD70koQxjVdSBM3JKM7k6L0FbGE5eymy9i3B9A=
modernc.org/token v1.1.0 h1:Xl7Ap9dKaEs5kLoOQeQmPWevfnk/DM5qcLcYlA8ys6Y=
modernc.org/token v1.1.0/go.mod h1:UGzOrNV1mAFSEB63lOFHIpNRUVMvYTc6yu1SMY/XTDM=
